# THIS IS AN AUTOGENERATED FILE. DO NOT EDIT THIS FILE DIRECTLY.
# yarn lockfile v1


dayjs@^1.10.7:
  version "1.10.7"
  resolved "https://registry.npmjs.org/dayjs/-/dayjs-1.10.7.tgz#2cf5f91add28116748440866a0a1d26f3a6ce468"
  integrity sha512-P6twpd70BcPK34K26uJ1KT3wlhpuOAPoMwJzpsIWUxHZ7wpmbdZL/hQqBDfz7hGurYSa5PhzdhDHtt319hL3ig==

uview-ui@^1.8.4:
  version "1.8.4"
  resolved "https://r.cnpmjs.org/uview-ui/download/uview-ui-1.8.4.tgz#e32bbf2379421d319022e324e1cb7b5387d3bd44"
  integrity sha1-4yu/I3lCHTGQIuMk4ct7U4fTvUQ=

vuex@^3.6.2:
  version "3.6.2"
  resolved "https://registry.npmjs.org/vuex/-/vuex-3.6.2.tgz#236bc086a870c3ae79946f107f16de59d5895e71"
  integrity sha512-ETW44IqCgBpVomy520DT5jf8n0zoCac+sxWnn+hMe/CzaSejb/eVw2YToiXYX+Ex/AuHHia28vWTq4goAexFbw==
